lockVersion: 2.0.0
id: 23e668fd-4c5a-4bde-b06e-eba340901bc5
management:
  docChecksum: 81e68cc8ec35f121563ccd795489326d
  docVersion: 1.0.0
  speakeasyVersion: 1.658.1
  generationVersion: 2.755.6
  releaseVersion: 0.4.0
  configChecksum: c0f0cc1e0bea425e9a3e4bb34931f38d
  repoURL: https://github.com/jklinehamer/gizmo-sdk.git
  installationURL: https://github.com/jklinehamer/gizmo-sdk
  published: true
features:
  typescript:
    additionalDependencies: 0.1.0
    constsAndDefaults: 0.1.12
    core: 3.26.7
    defaultEnabledRetries: 0.1.0
    devContainers: 2.90.1
    enumUnions: 0.1.0
    envVarSecurityUsage: 0.1.2
    flattening: 2.82.1
    globalSecurity: 2.82.14
    globalSecurityCallbacks: 0.1.0
    globalSecurityFlattening: 0.1.0
    globalServerURLs: 2.83.0
    groups: 2.81.3
    methodArguments: 0.1.2
    nameOverrides: 2.81.2
    nullables: 0.1.1
    responseFormat: 0.2.3
    retries: 2.83.0
    sdkHooks: 0.3.0
generatedFiles:
  - .devcontainer/README.md
  - .devcontainer/devcontainer.json
  - .devcontainer/setup.sh
  - .gitattributes
  - .npmignore
  - FUNCTIONS.md
  - RUNTIMES.md
  - USAGE.md
  - docs/lib/utils/retryconfig.md
  - docs/models/application.md
  - docs/models/errors/createapplicationratelimitederror.md
  - docs/models/errors/errorresponse.md
  - docs/models/errors/updateapplicationratelimitederror.md
  - docs/models/errort.md
  - docs/models/loanpurpose.md
  - docs/models/milestone.md
  - docs/models/operations/createapplicationrequest.md
  - docs/models/operations/createapplicationresponse.md
  - docs/models/operations/getapplicationrequest.md
  - docs/models/operations/updateapplicationrequest.md
  - docs/models/operations/updateapplicationrequestbody.md
  - docs/models/security.md
  - docs/models/state.md
  - docs/sdks/applications/README.md
  - eslint.config.mjs
  - examples/.env.template
  - examples/README.md
  - examples/applicationsGet.example.ts
  - examples/package.json
  - jsr.json
  - package.json
  - src/core.ts
  - src/funcs/applicationsCreate.ts
  - src/funcs/applicationsGet.ts
  - src/funcs/applicationsUpdate.ts
  - src/hooks/hooks.ts
  - src/hooks/index.ts
  - src/hooks/types.ts
  - src/index.ts
  - src/lib/base64.ts
  - src/lib/config.ts
  - src/lib/dlv.ts
  - src/lib/encodings.ts
  - src/lib/env.ts
  - src/lib/files.ts
  - src/lib/http.ts
  - src/lib/is-plain-object.ts
  - src/lib/logger.ts
  - src/lib/matchers.ts
  - src/lib/primitives.ts
  - src/lib/retries.ts
  - src/lib/schemas.ts
  - src/lib/sdks.ts
  - src/lib/security.ts
  - src/lib/url.ts
  - src/models/application.ts
  - src/models/errorresponse.ts
  - src/models/errors/createapplication.ts
  - src/models/errors/errorresponse.ts
  - src/models/errors/gizmodefaulterror.ts
  - src/models/errors/gizmoerror.ts
  - src/models/errors/httpclienterrors.ts
  - src/models/errors/index.ts
  - src/models/errors/responsevalidationerror.ts
  - src/models/errors/sdkvalidationerror.ts
  - src/models/errors/updateapplication.ts
  - src/models/index.ts
  - src/models/loanpurpose.ts
  - src/models/milestone.ts
  - src/models/operations/createapplication.ts
  - src/models/operations/getapplication.ts
  - src/models/operations/index.ts
  - src/models/operations/updateapplication.ts
  - src/models/security.ts
  - src/models/state.ts
  - src/sdk/applications.ts
  - src/sdk/index.ts
  - src/sdk/sdk.ts
  - src/types/async.ts
  - src/types/blobs.ts
  - src/types/constdatetime.ts
  - src/types/enums.ts
  - src/types/fp.ts
  - src/types/index.ts
  - src/types/operations.ts
  - src/types/rfcdate.ts
  - src/types/streams.ts
  - tsconfig.json
examples:
  getApplication:
    speakeasy-default-get-application:
      parameters:
        path:
          id: "<id>"
      responses:
        "200":
          application/json: {"id": "<id>", "orgId": "<id>", "createdAt": 2332.48, "status": "PRE_APPROVED", "primaryBorrowerFirstName": "<value>", "primaryBorrowerLastName": "<value>", "primaryBorrowerEmail": "<value>", "primaryBorrowerPhone": "<value>", "subjectPropertyState": "hi", "leadProviderSlug": "<value>"}
        "400":
          application/json: {"error": {"message": "<value>"}}
  updateApplication:
    speakeasy-default-update-application:
      parameters:
        path:
          id: "<id>"
      requestBody:
        application/json: {}
      responses:
        "200":
          application/json: "<value>"
        "400":
          application/json: {"error": {"message": "<value>"}}
        "429":
          application/json: {"kind": "RateLimited", "name": "<value>", "retryAfter": 7611.26}
  createApplication:
    speakeasy-default-create-application:
      responses:
        "200":
          application/json: {"id": "<id>"}
        "400":
          application/json: {"error": {"message": "<value>"}}
        "429":
          application/json: {"kind": "RateLimited", "name": "<value>", "retryAfter": 5275.87}
examplesVersion: 1.0.2
releaseNotes: "## Typescript SDK Changes Detected:\n* `gizmo.applications.get()`: \n  *  `response.teamid` **Added**\n  *  `error.data` **Added**\n* `gizmo.applications.update()`: \n  *  `requestbody.teamId` **Added**\n  *  `error` **Changed**\n* `gizmo.applications.create()`: \n  *  `request.teamId` **Added**\n  *  `error` **Changed**\n"
