speakeasyVersion: 1.637.3
sources:
    Gizmo REST API:
        sourceNamespace: gizmo-rest-api
        sourceRevisionDigest: sha256:d46f0af2bedbb35efbd911a8a87bc628b71918a5f7f7cf313ca5a88a724e141e
        sourceBlobDigest: sha256:07da7cdd4e14ac9cdcec76a4579ce929dd065711895612767f0ed7095df4aa45
        tags:
            - latest
            - 1.0.0
    main:
        sourceNamespace: main
        sourceRevisionDigest: sha256:7620825cdfe70751526ac964ce51347fad81b137d1901ae549b55a3ceba1d97f
        sourceBlobDigest: sha256:251c03711539c7853d8a67857b8439c8441c44debc0fd3fb3d56c8542468f55b
        tags:
            - latest
            - 1.0.0
targets:
    gizmo:
        source: main
        sourceNamespace: main
        sourceRevisionDigest: sha256:7620825cdfe70751526ac964ce51347fad81b137d1901ae549b55a3ceba1d97f
        sourceBlobDigest: sha256:251c03711539c7853d8a67857b8439c8441c44debc0fd3fb3d56c8542468f55b
workflow:
    workflowVersion: 1.0.0
    speakeasyVersion: latest
    sources:
        main:
            inputs:
                - location: https://core.usegizmo.com/doc
            registry:
                location: registry.speakeasyapi.dev/gizmo-2xw/prod/main
    targets:
        gizmo:
            target: typescript
            source: main
